
Microsoft Visual Studio Solution File, Format Version 12.00
Project("{2150E333-8FDC-42A3-9474-1A3956D46DE8}") = "src", "src", "{EE304F82-D92C-4FE4-8B39-6CA78FB21662}"
EndProject
Project("{2150E333-8FDC-42A3-9474-1A3956D46DE8}") = "tests", "tests", "{02B551BF-49E8-4631-9348-8ED41AD0CF64}"
EndProject
Project("{FAE04EC0-301F-11D3-BF4B-00C04F79EFBC}") = "api", "src\api\api.csproj", "{7989F015-D504-4C95-A6FE-44F1CCCB2BB8}"
EndProject
Project("{FAE04EC0-301F-11D3-BF4B-00C04F79EFBC}") = "core", "src\core\core.csproj", "{6DD7ED78-089A-4B38-84BA-64B207880C4C}"
EndProject
Project("{FAE04EC0-301F-11D3-BF4B-00C04F79EFBC}") = "infra", "src\infra\infra.csproj", "{1C0DCD3A-1230-459D-9252-3AD5CBBBDAB1}"
EndProject
Project("{FAE04EC0-301F-11D3-BF4B-00C04F79EFBC}") = "service", "src\service\service.csproj", "{25CE46FF-D01F-4793-AED8-5AC294414781}"
EndProject
Project("{FAE04EC0-301F-11D3-BF4B-00C04F79EFBC}") = "unit", "tests\unit\unit.csproj", "{77B216FC-5D80-4FF1-AF1B-E473E93067BB}"
EndProject
Project("{FAE04EC0-301F-11D3-BF4B-00C04F79EFBC}") = "integration", "tests\integration\integration.csproj", "{5BB518AC-E1FD-4828-A318-654877FAF6B5}"
EndProject
Global
	GlobalSection(SolutionConfigurationPlatforms) = preSolution
		Debug|Any CPU = Debug|Any CPU
		Release|Any CPU = Release|Any CPU
	EndGlobalSection
	GlobalSection(NestedProjects) = preSolution
		{7989F015-D504-4C95-A6FE-44F1CCCB2BB8} = {EE304F82-D92C-4FE4-8B39-6CA78FB21662}
		{6DD7ED78-089A-4B38-84BA-64B207880C4C} = {EE304F82-D92C-4FE4-8B39-6CA78FB21662}
		{1C0DCD3A-1230-459D-9252-3AD5CBBBDAB1} = {EE304F82-D92C-4FE4-8B39-6CA78FB21662}
		{25CE46FF-D01F-4793-AED8-5AC294414781} = {EE304F82-D92C-4FE4-8B39-6CA78FB21662}
		{77B216FC-5D80-4FF1-AF1B-E473E93067BB} = {02B551BF-49E8-4631-9348-8ED41AD0CF64}
		{5BB518AC-E1FD-4828-A318-654877FAF6B5} = {02B551BF-49E8-4631-9348-8ED41AD0CF64}
	EndGlobalSection
	GlobalSection(ProjectConfigurationPlatforms) = postSolution
		{7989F015-D504-4C95-A6FE-44F1CCCB2BB8}.Debug|Any CPU.ActiveCfg = Debug|Any CPU
		{7989F015-D504-4C95-A6FE-44F1CCCB2BB8}.Debug|Any CPU.Build.0 = Debug|Any CPU
		{7989F015-D504-4C95-A6FE-44F1CCCB2BB8}.Release|Any CPU.ActiveCfg = Release|Any CPU
		{7989F015-D504-4C95-A6FE-44F1CCCB2BB8}.Release|Any CPU.Build.0 = Release|Any CPU
		{6DD7ED78-089A-4B38-84BA-64B207880C4C}.Debug|Any CPU.ActiveCfg = Debug|Any CPU
		{6DD7ED78-089A-4B38-84BA-64B207880C4C}.Debug|Any CPU.Build.0 = Debug|Any CPU
		{6DD7ED78-089A-4B38-84BA-64B207880C4C}.Release|Any CPU.ActiveCfg = Release|Any CPU
		{6DD7ED78-089A-4B38-84BA-64B207880C4C}.Release|Any CPU.Build.0 = Release|Any CPU
		{1C0DCD3A-1230-459D-9252-3AD5CBBBDAB1}.Debug|Any CPU.ActiveCfg = Debug|Any CPU
		{1C0DCD3A-1230-459D-9252-3AD5CBBBDAB1}.Debug|Any CPU.Build.0 = Debug|Any CPU
		{1C0DCD3A-1230-459D-9252-3AD5CBBBDAB1}.Release|Any CPU.ActiveCfg = Release|Any CPU
		{1C0DCD3A-1230-459D-9252-3AD5CBBBDAB1}.Release|Any CPU.Build.0 = Release|Any CPU
		{25CE46FF-D01F-4793-AED8-5AC294414781}.Debug|Any CPU.ActiveCfg = Debug|Any CPU
		{25CE46FF-D01F-4793-AED8-5AC294414781}.Debug|Any CPU.Build.0 = Debug|Any CPU
		{25CE46FF-D01F-4793-AED8-5AC294414781}.Release|Any CPU.ActiveCfg = Release|Any CPU
		{25CE46FF-D01F-4793-AED8-5AC294414781}.Release|Any CPU.Build.0 = Release|Any CPU
		{77B216FC-5D80-4FF1-AF1B-E473E93067BB}.Debug|Any CPU.ActiveCfg = Debug|Any CPU
		{77B216FC-5D80-4FF1-AF1B-E473E93067BB}.Debug|Any CPU.Build.0 = Debug|Any CPU
		{77B216FC-5D80-4FF1-AF1B-E473E93067BB}.Release|Any CPU.ActiveCfg = Release|Any CPU
		{77B216FC-5D80-4FF1-AF1B-E473E93067BB}.Release|Any CPU.Build.0 = Release|Any CPU
		{5BB518AC-E1FD-4828-A318-654877FAF6B5}.Debug|Any CPU.ActiveCfg = Debug|Any CPU
		{5BB518AC-E1FD-4828-A318-654877FAF6B5}.Debug|Any CPU.Build.0 = Debug|Any CPU
		{5BB518AC-E1FD-4828-A318-654877FAF6B5}.Release|Any CPU.ActiveCfg = Release|Any CPU
		{5BB518AC-E1FD-4828-A318-654877FAF6B5}.Release|Any CPU.Build.0 = Release|Any CPU
	EndGlobalSection
EndGlobal
